
Microsoft Visual Studio Solution File, Format Version 12.00
# Visual Studio Version 16
VisualStudioVersion = 16.0.30503.244
MinimumVisualStudioVersion = 10.0.40219.1
Project("{FAE04EC0-301F-11D3-BF4B-00C04F79EFBC}") = "EmployeeManagement", "EmployeeManagement\EmployeeManagement.csproj", "{CC9F3A80-4A74-4CA4-86D1-0853687D9853}"
EndProject
Project("{FAE04EC0-301F-11D3-BF4B-00C04F79EFBC}") = "RepositoryLayer", "RepositoryLayer\RepositoryLayer.csproj", "{2F3E9D60-C911-4DF7-937A-8A9536635E38}"
EndProject
Project("{FAE04EC0-301F-11D3-BF4B-00C04F79EFBC}") = "CommonLayer", "CommonLayer\CommonLayer.csproj", "{B71AFDC7-E7F7-4DDA-80E1-6158694AFAD9}"
EndProject
Project("{FAE04EC0-301F-11D3-BF4B-00C04F79EFBC}") = "BusinessLayer", "BusinessLayer\BusinessLayer.csproj", "{E027D35A-9DE3-4C75-BF0A-4A164CBA811E}"
EndProject
Global
	GlobalSection(SolutionConfigurationPlatforms) = preSolution
		Debug|Any CPU = Debug|Any CPU
		Release|Any CPU = Release|Any CPU
	EndGlobalSection
	GlobalSection(ProjectConfigurationPlatforms) = postSolution
		{CC9F3A80-4A74-4CA4-86D1-0853687D9853}.Debug|Any CPU.ActiveCfg = Debug|Any CPU
		{CC9F3A80-4A74-4CA4-86D1-0853687D9853}.Debug|Any CPU.Build.0 = Debug|Any CPU
		{CC9F3A80-4A74-4CA4-86D1-0853687D9853}.Release|Any CPU.ActiveCfg = Release|Any CPU
		{CC9F3A80-4A74-4CA4-86D1-0853687D9853}.Release|Any CPU.Build.0 = Release|Any CPU
		{2F3E9D60-C911-4DF7-937A-8A9536635E38}.Debug|Any CPU.ActiveCfg = Debug|Any CPU
		{2F3E9D60-C911-4DF7-937A-8A9536635E38}.Debug|Any CPU.Build.0 = Debug|Any CPU
		{2F3E9D60-C911-4DF7-937A-8A9536635E38}.Release|Any CPU.ActiveCfg = Release|Any CPU
		{2F3E9D60-C911-4DF7-937A-8A9536635E38}.Release|Any CPU.Build.0 = Release|Any CPU
		{B71AFDC7-E7F7-4DDA-80E1-6158694AFAD9}.Debug|Any CPU.ActiveCfg = Debug|Any CPU
		{B71AFDC7-E7F7-4DDA-80E1-6158694AFAD9}.Debug|Any CPU.Build.0 = Debug|Any CPU
		{B71AFDC7-E7F7-4DDA-80E1-6158694AFAD9}.Release|Any CPU.ActiveCfg = Release|Any CPU
		{B71AFDC7-E7F7-4DDA-80E1-6158694AFAD9}.Release|Any CPU.Build.0 = Release|Any CPU
		{E027D35A-9DE3-4C75-BF0A-4A164CBA811E}.Debug|Any CPU.ActiveCfg = Debug|Any CPU
		{E027D35A-9DE3-4C75-BF0A-4A164CBA811E}.Debug|Any CPU.Build.0 = Debug|Any CPU
		{E027D35A-9DE3-4C75-BF0A-4A164CBA811E}.Release|Any CPU.ActiveCfg = Release|Any CPU
		{E027D35A-9DE3-4C75-BF0A-4A164CBA811E}.Release|Any CPU.Build.0 = Release|Any CPU
	EndGlobalSection
	GlobalSection(SolutionProperties) = preSolution
		HideSolutionNode = FALSE
	EndGlobalSection
	GlobalSection(ExtensibilityGlobals) = postSolution
		SolutionGuid = {5B158C90-CED0-44AD-8736-A9E8173FF705}
	EndGlobalSection
EndGlobal
